
Microsoft Visual Studio Solution File, Format Version 12.00
# Visual Studio Version 16
VisualStudioVersion = 16.0.30011.22
MinimumVisualStudioVersion = 10.0.40219.1
Project("{FAE04EC0-301F-11D3-BF4B-00C04F79EFBC}") = "BT", "BT\BT.csproj", "{C15B0C89-2148-4B6C-B30F-0538EC43B77A}"
EndProject
Global
	GlobalSection(SolutionConfigurationPlatforms) = preSolution
		Debug|Any CPU = Debug|Any CPU
		Release|Any CPU = Release|Any CPU
	EndGlobalSection
	GlobalSection(ProjectConfigurationPlatforms) = postSolution
		{C15B0C89-2148-4B6C-B30F-0538EC43B77A}.Debug|Any CPU.ActiveCfg = Debug|Any CPU
		{C15B0C89-2148-4B6C-B30F-0538EC43B77A}.Debug|Any CPU.Build.0 = Debug|Any CPU
		{C15B0C89-2148-4B6C-B30F-0538EC43B77A}.Release|Any CPU.ActiveCfg = Release|Any CPU
		{C15B0C89-2148-4B6C-B30F-0538EC43B77A}.Release|Any CPU.Build.0 = Release|Any CPU
	EndGlobalSection
	GlobalSection(SolutionProperties) = preSolution
		HideSolutionNode = FALSE
	EndGlobalSection
	GlobalSection(ExtensibilityGlobals) = postSolution
		SolutionGuid = {D32226BE-DECE-421A-BEF1-8583C91BCAC5}
	EndGlobalSection
EndGlobal
