
Microsoft Visual Studio Solution File, Format Version 12.00
# Visual Studio Version 16
VisualStudioVersion = 16.0.30011.22
MinimumVisualStudioVersion = 10.0.40219.1
Project("{9A19103F-16F7-4668-BE54-9A1E7A4F7556}") = "BT1", "BT\BT1.csproj", "{C15B0C89-2148-4B6C-B30F-0538EC43B77A}"
EndProject
Project("{9A19103F-16F7-4668-BE54-9A1E7A4F7556}") = "BT2", "BT2\BT2.csproj", "{D294E7D9-7760-4161-A74F-31078E9935B4}"
EndProject
Project("{9A19103F-16F7-4668-BE54-9A1E7A4F7556}") = "BT3", "BT3\BT3.csproj", "{211027FF-D941-4CA4-B8F6-B9CEF9DCFC0A}"
EndProject
Project("{FAE04EC0-301F-11D3-BF4B-00C04F79EFBC}") = "BT4", "BT4\BT4.csproj", "{AACF6E96-045D-4729-B169-53D01DDE543E}"
EndProject
Global
	GlobalSection(SolutionConfigurationPlatforms) = preSolution
		Debug|Any CPU = Debug|Any CPU
		Release|Any CPU = Release|Any CPU
	EndGlobalSection
	GlobalSection(ProjectConfigurationPlatforms) = postSolution
		{C15B0C89-2148-4B6C-B30F-0538EC43B77A}.Debug|Any CPU.ActiveCfg = Debug|Any CPU
		{C15B0C89-2148-4B6C-B30F-0538EC43B77A}.Debug|Any CPU.Build.0 = Debug|Any CPU
		{C15B0C89-2148-4B6C-B30F-0538EC43B77A}.Release|Any CPU.ActiveCfg = Release|Any CPU
		{C15B0C89-2148-4B6C-B30F-0538EC43B77A}.Release|Any CPU.Build.0 = Release|Any CPU
		{D294E7D9-7760-4161-A74F-31078E9935B4}.Debug|Any CPU.ActiveCfg = Debug|Any CPU
		{D294E7D9-7760-4161-A74F-31078E9935B4}.Debug|Any CPU.Build.0 = Debug|Any CPU
		{D294E7D9-7760-4161-A74F-31078E9935B4}.Release|Any CPU.ActiveCfg = Release|Any CPU
		{D294E7D9-7760-4161-A74F-31078E9935B4}.Release|Any CPU.Build.0 = Release|Any CPU
		{211027FF-D941-4CA4-B8F6-B9CEF9DCFC0A}.Debug|Any CPU.ActiveCfg = Debug|Any CPU
		{211027FF-D941-4CA4-B8F6-B9CEF9DCFC0A}.Debug|Any CPU.Build.0 = Debug|Any CPU
		{211027FF-D941-4CA4-B8F6-B9CEF9DCFC0A}.Release|Any CPU.ActiveCfg = Release|Any CPU
		{211027FF-D941-4CA4-B8F6-B9CEF9DCFC0A}.Release|Any CPU.Build.0 = Release|Any CPU
		{AACF6E96-045D-4729-B169-53D01DDE543E}.Debug|Any CPU.ActiveCfg = Debug|Any CPU
		{AACF6E96-045D-4729-B169-53D01DDE543E}.Debug|Any CPU.Build.0 = Debug|Any CPU
		{AACF6E96-045D-4729-B169-53D01DDE543E}.Release|Any CPU.ActiveCfg = Release|Any CPU
		{AACF6E96-045D-4729-B169-53D01DDE543E}.Release|Any CPU.Build.0 = Release|Any CPU
	EndGlobalSection
	GlobalSection(SolutionProperties) = preSolution
		HideSolutionNode = FALSE
	EndGlobalSection
	GlobalSection(ExtensibilityGlobals) = postSolution
		SolutionGuid = {D32226BE-DECE-421A-BEF1-8583C91BCAC5}
	EndGlobalSection
EndGlobal
